
Microsoft Visual Studio Solution File, Format Version 12.00
# Visual Studio 2013
VisualStudioVersion = 12.0.0.0
MinimumVisualStudioVersion = 10.0.0.1
Project("{FAE04EC0-301F-11D3-BF4B-00C04F79EFBC}") = "Titan", "Titan/Titan.csproj", "{83685E6D-5527-42EF-A427-1F70ED3A8497}"
EndProject
Project("{FAE04EC0-301F-11D3-BF4B-00C04F79EFBC}") = "Titan.Test", "Titan.Test\Titan.Test.csproj", "{81EB830C-3C9E-4F74-ADA4-DFDD15774DB0}"
EndProject
Global
	GlobalSection(SolutionConfigurationPlatforms) = preSolution
		Debug|Any CPU = Debug|Any CPU
		Release|Any CPU = Release|Any CPU
	EndGlobalSection
	GlobalSection(ProjectConfigurationPlatforms) = postSolution
		{83685E6D-5527-42EF-A427-1F70ED3A8497}.Debug|Any CPU.ActiveCfg = Debug|Any CPU
		{83685E6D-5527-42EF-A427-1F70ED3A8497}.Debug|Any CPU.Build.0 = Debug|Any CPU
		{83685E6D-5527-42EF-A427-1F70ED3A8497}.Release|Any CPU.ActiveCfg = Release|Any CPU
		{83685E6D-5527-42EF-A427-1F70ED3A8497}.Release|Any CPU.Build.0 = Release|Any CPU
		{81EB830C-3C9E-4F74-ADA4-DFDD15774DB0}.Debug|Any CPU.ActiveCfg = Debug|Any CPU
		{81EB830C-3C9E-4F74-ADA4-DFDD15774DB0}.Debug|Any CPU.Build.0 = Debug|Any CPU
		{81EB830C-3C9E-4F74-ADA4-DFDD15774DB0}.Release|Any CPU.ActiveCfg = Release|Any CPU
		{81EB830C-3C9E-4F74-ADA4-DFDD15774DB0}.Release|Any CPU.Build.0 = Release|Any CPU
	EndGlobalSection
	GlobalSection(SolutionProperties) = preSolution
		HideSolutionNode = FALSE
	EndGlobalSection
EndGlobal
