Microsoft Visual Studio Solution File, Format Version 12.00
Project("{FAE04EC0-301F-11D3-BF4B-00C04F79EFBC}") = "Titan", "Titan\Titan.csproj", "{D3B9EAC1-E8F0-4190-AE54-1623A644AD6D}"
EndProject
Project("{FAE04EC0-301F-11D3-BF4B-00C04F79EFBC}") = "Titan.Test", "Titan.Test\Titan.Test.csproj", "{59B1F75E-BBC7-4C92-8FAA-A216CFAD1E22}"
EndProject
Global
	GlobalSection(SolutionConfigurationPlatforms) = preSolution
		Debug|Any CPU = Debug|Any CPU
		Release|Any CPU = Release|Any CPU
	EndGlobalSection
	GlobalSection(ProjectConfigurationPlatforms) = postSolution
		{D3B9EAC1-E8F0-4190-AE54-1623A644AD6D}.Debug|Any CPU.ActiveCfg = Debug|Any CPU
		{D3B9EAC1-E8F0-4190-AE54-1623A644AD6D}.Debug|Any CPU.Build.0 = Debug|Any CPU
		{D3B9EAC1-E8F0-4190-AE54-1623A644AD6D}.Release|Any CPU.ActiveCfg = Release|Any CPU
		{D3B9EAC1-E8F0-4190-AE54-1623A644AD6D}.Release|Any CPU.Build.0 = Release|Any CPU
		{59B1F75E-BBC7-4C92-8FAA-A216CFAD1E22}.Debug|Any CPU.ActiveCfg = Debug|Any CPU
		{59B1F75E-BBC7-4C92-8FAA-A216CFAD1E22}.Debug|Any CPU.Build.0 = Debug|Any CPU
		{59B1F75E-BBC7-4C92-8FAA-A216CFAD1E22}.Release|Any CPU.ActiveCfg = Release|Any CPU
		{59B1F75E-BBC7-4C92-8FAA-A216CFAD1E22}.Release|Any CPU.Build.0 = Release|Any CPU
	EndGlobalSection
EndGlobal
