
Microsoft Visual Studio Solution File, Format Version 12.00
# Visual Studio 15
VisualStudioVersion = 15.0.27428.2015
MinimumVisualStudioVersion = 10.0.40219.1
Project("{FAE04EC0-301F-11D3-BF4B-00C04F79EFBC}") = "Titan", "Titan\Titan.csproj", "{9657B506-5F2D-4699-8030-31442C3D8A16}"
EndProject
Project("{FAE04EC0-301F-11D3-BF4B-00C04F79EFBC}") = "TitanTest", "TitanTest\TitanTest.csproj", "{FD43F6D4-01A6-4847-BA29-96F27108B34D}"
EndProject
Global
	GlobalSection(SolutionConfigurationPlatforms) = preSolution
		Debug|Any CPU = Debug|Any CPU
		Release|Any CPU = Release|Any CPU
	EndGlobalSection
	GlobalSection(ProjectConfigurationPlatforms) = postSolution
		{9657B506-5F2D-4699-8030-31442C3D8A16}.Debug|Any CPU.ActiveCfg = Debug|Any CPU
		{9657B506-5F2D-4699-8030-31442C3D8A16}.Debug|Any CPU.Build.0 = Debug|Any CPU
		{9657B506-5F2D-4699-8030-31442C3D8A16}.Release|Any CPU.ActiveCfg = Release|Any CPU
		{9657B506-5F2D-4699-8030-31442C3D8A16}.Release|Any CPU.Build.0 = Release|Any CPU
		{FD43F6D4-01A6-4847-BA29-96F27108B34D}.Debug|Any CPU.ActiveCfg = Debug|Any CPU
		{FD43F6D4-01A6-4847-BA29-96F27108B34D}.Debug|Any CPU.Build.0 = Debug|Any CPU
		{FD43F6D4-01A6-4847-BA29-96F27108B34D}.Release|Any CPU.ActiveCfg = Release|Any CPU
		{FD43F6D4-01A6-4847-BA29-96F27108B34D}.Release|Any CPU.Build.0 = Release|Any CPU
	EndGlobalSection
	GlobalSection(SolutionProperties) = preSolution
		HideSolutionNode = FALSE
	EndGlobalSection
EndGlobal
